
Microsoft Visual Studio Solution File, Format Version 12.00
# Visual Studio Version 16
VisualStudioVersion = 16.0.30804.86
MinimumVisualStudioVersion = 10.0.40219.1
Project("{9A19103F-16F7-4668-BE54-9A1E7A4F7556}") = "NXO.Client", "Client\NXO.Client.csproj", "{D9244D2E-E127-4B83-941A-BBABC071CCAD}"
EndProject
Project("{9A19103F-16F7-4668-BE54-9A1E7A4F7556}") = "NXO.Server", "Server\NXO.Server.csproj", "{99270948-DA0C-495D-A5D5-1991DE9A0C39}"
EndProject
Project("{9A19103F-16F7-4668-BE54-9A1E7A4F7556}") = "NXO.Shared", "Shared\NXO.Shared.csproj", "{C91CEA7B-F8EE-4776-8A16-421E8F2E83A8}"
EndProject
Project("{9A19103F-16F7-4668-BE54-9A1E7A4F7556}") = "NXO.UnitTests", "UnitTests\NXO.UnitTests.csproj", "{3764D8AD-BCA6-410B-9DF0-E6BEFFC9B171}"
EndProject
Global
	GlobalSection(SolutionConfigurationPlatforms) = preSolution
		Debug|Any CPU = Debug|Any CPU
		Release|Any CPU = Release|Any CPU
	EndGlobalSection
	GlobalSection(ProjectConfigurationPlatforms) = postSolution
		{D9244D2E-E127-4B83-941A-BBABC071CCAD}.Debug|Any CPU.ActiveCfg = Debug|Any CPU
		{D9244D2E-E127-4B83-941A-BBABC071CCAD}.Debug|Any CPU.Build.0 = Debug|Any CPU
		{D9244D2E-E127-4B83-941A-BBABC071CCAD}.Release|Any CPU.ActiveCfg = Release|Any CPU
		{D9244D2E-E127-4B83-941A-BBABC071CCAD}.Release|Any CPU.Build.0 = Release|Any CPU
		{99270948-DA0C-495D-A5D5-1991DE9A0C39}.Debug|Any CPU.ActiveCfg = Debug|Any CPU
		{99270948-DA0C-495D-A5D5-1991DE9A0C39}.Debug|Any CPU.Build.0 = Debug|Any CPU
		{99270948-DA0C-495D-A5D5-1991DE9A0C39}.Release|Any CPU.ActiveCfg = Release|Any CPU
		{99270948-DA0C-495D-A5D5-1991DE9A0C39}.Release|Any CPU.Build.0 = Release|Any CPU
		{C91CEA7B-F8EE-4776-8A16-421E8F2E83A8}.Debug|Any CPU.ActiveCfg = Debug|Any CPU
		{C91CEA7B-F8EE-4776-8A16-421E8F2E83A8}.Debug|Any CPU.Build.0 = Debug|Any CPU
		{C91CEA7B-F8EE-4776-8A16-421E8F2E83A8}.Release|Any CPU.ActiveCfg = Release|Any CPU
		{C91CEA7B-F8EE-4776-8A16-421E8F2E83A8}.Release|Any CPU.Build.0 = Release|Any CPU
		{3764D8AD-BCA6-410B-9DF0-E6BEFFC9B171}.Debug|Any CPU.ActiveCfg = Debug|Any CPU
		{3764D8AD-BCA6-410B-9DF0-E6BEFFC9B171}.Debug|Any CPU.Build.0 = Debug|Any CPU
		{3764D8AD-BCA6-410B-9DF0-E6BEFFC9B171}.Release|Any CPU.ActiveCfg = Release|Any CPU
		{3764D8AD-BCA6-410B-9DF0-E6BEFFC9B171}.Release|Any CPU.Build.0 = Release|Any CPU
	EndGlobalSection
	GlobalSection(SolutionProperties) = preSolution
		HideSolutionNode = FALSE
	EndGlobalSection
	GlobalSection(ExtensibilityGlobals) = postSolution
		SolutionGuid = {3F62C3D1-145A-48F3-AE1F-94D633D776F0}
	EndGlobalSection
EndGlobal
